
Microsoft Visual Studio Solution File, Format Version 12.00
# Visual Studio Version 16
VisualStudioVersion = 16.0.29102.190
MinimumVisualStudioVersion = 15.0.26124.0
Project("{2150E333-8FDC-42A3-9474-1A3956D46DE8}") = "Simple", "Simple", "{71CBDEBC-53C3-4B95-9F14-A76834C7A690}"
EndProject
Project("{FAE04EC0-301F-11D3-BF4B-00C04F79EFBC}") = "SingletonPattern", "SingletonPattern\SingletonPattern.csproj", "{C490A455-33A1-435A-82B9-96CA6E63313B}"
EndProject
Project("{2150E333-8FDC-42A3-9474-1A3956D46DE8}") = "SimeleFactoryPattern", "SimeleFactoryPattern", "{F778E3B8-8033-4EE2-9621-CC748F4B484B}"
EndProject
Project("{FAE04EC0-301F-11D3-BF4B-00C04F79EFBC}") = "CalcConsoleApp", "CalcConsoleApp\CalcConsoleApp.csproj", "{CF179933-B1DE-4B3A-89ED-9B067066172F}"
EndProject
Project("{2150E333-8FDC-42A3-9474-1A3956D46DE8}") = "StrategyPattern", "StrategyPattern", "{215870D4-252F-4C06-92E3-A18A7E736C10}"
EndProject
Project("{FAE04EC0-301F-11D3-BF4B-00C04F79EFBC}") = "MallCashier", "MallCashier\MallCashier.csproj", "{5070499C-1624-411D-AA2D-6131FBB94AE6}"
EndProject
Project("{FAE04EC0-301F-11D3-BF4B-00C04F79EFBC}") = "StrategyConsoleApp", "StrategyConsoleApp\StrategyConsoleApp.csproj", "{8714101B-49E3-40D9-9A60-5E0C9FCEC25E}"
EndProject
Global
	GlobalSection(SolutionConfigurationPlatforms) = preSolution
		Debug|Any CPU = Debug|Any CPU
		Debug|x64 = Debug|x64
		Debug|x86 = Debug|x86
		Release|Any CPU = Release|Any CPU
		Release|x64 = Release|x64
		Release|x86 = Release|x86
	EndGlobalSection
	GlobalSection(ProjectConfigurationPlatforms) = postSolution
		{C490A455-33A1-435A-82B9-96CA6E63313B}.Debug|Any CPU.ActiveCfg = Debug|Any CPU
		{C490A455-33A1-435A-82B9-96CA6E63313B}.Debug|Any CPU.Build.0 = Debug|Any CPU
		{C490A455-33A1-435A-82B9-96CA6E63313B}.Debug|x64.ActiveCfg = Debug|Any CPU
		{C490A455-33A1-435A-82B9-96CA6E63313B}.Debug|x64.Build.0 = Debug|Any CPU
		{C490A455-33A1-435A-82B9-96CA6E63313B}.Debug|x86.ActiveCfg = Debug|Any CPU
		{C490A455-33A1-435A-82B9-96CA6E63313B}.Debug|x86.Build.0 = Debug|Any CPU
		{C490A455-33A1-435A-82B9-96CA6E63313B}.Release|Any CPU.ActiveCfg = Release|Any CPU
		{C490A455-33A1-435A-82B9-96CA6E63313B}.Release|Any CPU.Build.0 = Release|Any CPU
		{C490A455-33A1-435A-82B9-96CA6E63313B}.Release|x64.ActiveCfg = Release|Any CPU
		{C490A455-33A1-435A-82B9-96CA6E63313B}.Release|x64.Build.0 = Release|Any CPU
		{C490A455-33A1-435A-82B9-96CA6E63313B}.Release|x86.ActiveCfg = Release|Any CPU
		{C490A455-33A1-435A-82B9-96CA6E63313B}.Release|x86.Build.0 = Release|Any CPU
		{CF179933-B1DE-4B3A-89ED-9B067066172F}.Debug|Any CPU.ActiveCfg = Debug|Any CPU
		{CF179933-B1DE-4B3A-89ED-9B067066172F}.Debug|Any CPU.Build.0 = Debug|Any CPU
		{CF179933-B1DE-4B3A-89ED-9B067066172F}.Debug|x64.ActiveCfg = Debug|Any CPU
		{CF179933-B1DE-4B3A-89ED-9B067066172F}.Debug|x64.Build.0 = Debug|Any CPU
		{CF179933-B1DE-4B3A-89ED-9B067066172F}.Debug|x86.ActiveCfg = Debug|Any CPU
		{CF179933-B1DE-4B3A-89ED-9B067066172F}.Debug|x86.Build.0 = Debug|Any CPU
		{CF179933-B1DE-4B3A-89ED-9B067066172F}.Release|Any CPU.ActiveCfg = Release|Any CPU
		{CF179933-B1DE-4B3A-89ED-9B067066172F}.Release|Any CPU.Build.0 = Release|Any CPU
		{CF179933-B1DE-4B3A-89ED-9B067066172F}.Release|x64.ActiveCfg = Release|Any CPU
		{CF179933-B1DE-4B3A-89ED-9B067066172F}.Release|x64.Build.0 = Release|Any CPU
		{CF179933-B1DE-4B3A-89ED-9B067066172F}.Release|x86.ActiveCfg = Release|Any CPU
		{CF179933-B1DE-4B3A-89ED-9B067066172F}.Release|x86.Build.0 = Release|Any CPU
		{5070499C-1624-411D-AA2D-6131FBB94AE6}.Debug|Any CPU.ActiveCfg = Debug|Any CPU
		{5070499C-1624-411D-AA2D-6131FBB94AE6}.Debug|Any CPU.Build.0 = Debug|Any CPU
		{5070499C-1624-411D-AA2D-6131FBB94AE6}.Debug|x64.ActiveCfg = Debug|Any CPU
		{5070499C-1624-411D-AA2D-6131FBB94AE6}.Debug|x64.Build.0 = Debug|Any CPU
		{5070499C-1624-411D-AA2D-6131FBB94AE6}.Debug|x86.ActiveCfg = Debug|Any CPU
		{5070499C-1624-411D-AA2D-6131FBB94AE6}.Debug|x86.Build.0 = Debug|Any CPU
		{5070499C-1624-411D-AA2D-6131FBB94AE6}.Release|Any CPU.ActiveCfg = Release|Any CPU
		{5070499C-1624-411D-AA2D-6131FBB94AE6}.Release|Any CPU.Build.0 = Release|Any CPU
		{5070499C-1624-411D-AA2D-6131FBB94AE6}.Release|x64.ActiveCfg = Release|Any CPU
		{5070499C-1624-411D-AA2D-6131FBB94AE6}.Release|x64.Build.0 = Release|Any CPU
		{5070499C-1624-411D-AA2D-6131FBB94AE6}.Release|x86.ActiveCfg = Release|Any CPU
		{5070499C-1624-411D-AA2D-6131FBB94AE6}.Release|x86.Build.0 = Release|Any CPU
		{8714101B-49E3-40D9-9A60-5E0C9FCEC25E}.Debug|Any CPU.ActiveCfg = Debug|Any CPU
		{8714101B-49E3-40D9-9A60-5E0C9FCEC25E}.Debug|Any CPU.Build.0 = Debug|Any CPU
		{8714101B-49E3-40D9-9A60-5E0C9FCEC25E}.Debug|x64.ActiveCfg = Debug|Any CPU
		{8714101B-49E3-40D9-9A60-5E0C9FCEC25E}.Debug|x64.Build.0 = Debug|Any CPU
		{8714101B-49E3-40D9-9A60-5E0C9FCEC25E}.Debug|x86.ActiveCfg = Debug|Any CPU
		{8714101B-49E3-40D9-9A60-5E0C9FCEC25E}.Debug|x86.Build.0 = Debug|Any CPU
		{8714101B-49E3-40D9-9A60-5E0C9FCEC25E}.Release|Any CPU.ActiveCfg = Release|Any CPU
		{8714101B-49E3-40D9-9A60-5E0C9FCEC25E}.Release|Any CPU.Build.0 = Release|Any CPU
		{8714101B-49E3-40D9-9A60-5E0C9FCEC25E}.Release|x64.ActiveCfg = Release|Any CPU
		{8714101B-49E3-40D9-9A60-5E0C9FCEC25E}.Release|x64.Build.0 = Release|Any CPU
		{8714101B-49E3-40D9-9A60-5E0C9FCEC25E}.Release|x86.ActiveCfg = Release|Any CPU
		{8714101B-49E3-40D9-9A60-5E0C9FCEC25E}.Release|x86.Build.0 = Release|Any CPU
	EndGlobalSection
	GlobalSection(SolutionProperties) = preSolution
		HideSolutionNode = FALSE
	EndGlobalSection
	GlobalSection(NestedProjects) = preSolution
		{C490A455-33A1-435A-82B9-96CA6E63313B} = {71CBDEBC-53C3-4B95-9F14-A76834C7A690}
		{CF179933-B1DE-4B3A-89ED-9B067066172F} = {F778E3B8-8033-4EE2-9621-CC748F4B484B}
		{5070499C-1624-411D-AA2D-6131FBB94AE6} = {215870D4-252F-4C06-92E3-A18A7E736C10}
		{8714101B-49E3-40D9-9A60-5E0C9FCEC25E} = {215870D4-252F-4C06-92E3-A18A7E736C10}
	EndGlobalSection
	GlobalSection(ExtensibilityGlobals) = postSolution
		SolutionGuid = {BBFDF4F8-D59D-4690-A939-2F7BEBCD6783}
	EndGlobalSection
EndGlobal
